
Microsoft Visual Studio Solution File, Format Version 12.00
# Visual Studio Version 17
VisualStudioVersion = 17.10.35004.147
MinimumVisualStudioVersion = 10.0.40219.1
Project("{FAE04EC0-301F-11D3-BF4B-00C04F79EFBC}") = "E-Work", "A1ClassWork-24-25\E-Work.csproj", "{409E1BF6-5526-4B89-95A4-99DF8C360FA4}"
EndProject
Project("{FAE04EC0-301F-11D3-BF4B-00C04F79EFBC}") = "A-Work", "A-Work\A-Work.csproj", "{1F4AD565-1A6D-4971-BDF5-CD36A5C272ED}"
EndProject
Project("{FAE04EC0-301F-11D3-BF4B-00C04F79EFBC}") = "B-Work", "B-Work\B-Work.csproj", "{619A85FE-C839-4036-A0CA-DE56534DC440}"
EndProject
Project("{FAE04EC0-301F-11D3-BF4B-00C04F79EFBC}") = "XmasTest", "XmasTest\XmasTest.csproj", "{831837D4-DD5D-4B9E-8EC9-FDBAC0B08940}"
EndProject
Project("{FAE04EC0-301F-11D3-BF4B-00C04F79EFBC}") = "tryCatchExample", "tryCatchExample\tryCatchExample.csproj", "{34A7AE5F-DA03-440F-BEB3-F7528C187C7C}"
EndProject
Project("{FAE04EC0-301F-11D3-BF4B-00C04F79EFBC}") = "ZScratch", "ZScratch\ZScratch.csproj", "{E6486FFB-75AF-4E31-9243-1C3D02CDC358}"
EndProject
Project("{FAE04EC0-301F-11D3-BF4B-00C04F79EFBC}") = "TestWinForms", "TestWinForms\TestWinForms.csproj", "{E6021081-A6AB-4B4D-B3AE-49681510D09E}"
EndProject
Global
	GlobalSection(SolutionConfigurationPlatforms) = preSolution
		Debug|Any CPU = Debug|Any CPU
		Release|Any CPU = Release|Any CPU
	EndGlobalSection
	GlobalSection(ProjectConfigurationPlatforms) = postSolution
		{409E1BF6-5526-4B89-95A4-99DF8C360FA4}.Debug|Any CPU.ActiveCfg = Debug|Any CPU
		{409E1BF6-5526-4B89-95A4-99DF8C360FA4}.Debug|Any CPU.Build.0 = Debug|Any CPU
		{409E1BF6-5526-4B89-95A4-99DF8C360FA4}.Release|Any CPU.ActiveCfg = Release|Any CPU
		{409E1BF6-5526-4B89-95A4-99DF8C360FA4}.Release|Any CPU.Build.0 = Release|Any CPU
		{1F4AD565-1A6D-4971-BDF5-CD36A5C272ED}.Debug|Any CPU.ActiveCfg = Debug|Any CPU
		{1F4AD565-1A6D-4971-BDF5-CD36A5C272ED}.Debug|Any CPU.Build.0 = Debug|Any CPU
		{1F4AD565-1A6D-4971-BDF5-CD36A5C272ED}.Release|Any CPU.ActiveCfg = Release|Any CPU
		{1F4AD565-1A6D-4971-BDF5-CD36A5C272ED}.Release|Any CPU.Build.0 = Release|Any CPU
		{619A85FE-C839-4036-A0CA-DE56534DC440}.Debug|Any CPU.ActiveCfg = Debug|Any CPU
		{619A85FE-C839-4036-A0CA-DE56534DC440}.Debug|Any CPU.Build.0 = Debug|Any CPU
		{619A85FE-C839-4036-A0CA-DE56534DC440}.Release|Any CPU.ActiveCfg = Release|Any CPU
		{619A85FE-C839-4036-A0CA-DE56534DC440}.Release|Any CPU.Build.0 = Release|Any CPU
		{831837D4-DD5D-4B9E-8EC9-FDBAC0B08940}.Debug|Any CPU.ActiveCfg = Debug|Any CPU
		{831837D4-DD5D-4B9E-8EC9-FDBAC0B08940}.Debug|Any CPU.Build.0 = Debug|Any CPU
		{831837D4-DD5D-4B9E-8EC9-FDBAC0B08940}.Release|Any CPU.ActiveCfg = Release|Any CPU
		{831837D4-DD5D-4B9E-8EC9-FDBAC0B08940}.Release|Any CPU.Build.0 = Release|Any CPU
		{34A7AE5F-DA03-440F-BEB3-F7528C187C7C}.Debug|Any CPU.ActiveCfg = Debug|Any CPU
		{34A7AE5F-DA03-440F-BEB3-F7528C187C7C}.Debug|Any CPU.Build.0 = Debug|Any CPU
		{34A7AE5F-DA03-440F-BEB3-F7528C187C7C}.Release|Any CPU.ActiveCfg = Release|Any CPU
		{34A7AE5F-DA03-440F-BEB3-F7528C187C7C}.Release|Any CPU.Build.0 = Release|Any CPU
		{E6486FFB-75AF-4E31-9243-1C3D02CDC358}.Debug|Any CPU.ActiveCfg = Debug|Any CPU
		{E6486FFB-75AF-4E31-9243-1C3D02CDC358}.Debug|Any CPU.Build.0 = Debug|Any CPU
		{E6486FFB-75AF-4E31-9243-1C3D02CDC358}.Release|Any CPU.ActiveCfg = Release|Any CPU
		{E6486FFB-75AF-4E31-9243-1C3D02CDC358}.Release|Any CPU.Build.0 = Release|Any CPU
		{E6021081-A6AB-4B4D-B3AE-49681510D09E}.Debug|Any CPU.ActiveCfg = Debug|Any CPU
		{E6021081-A6AB-4B4D-B3AE-49681510D09E}.Debug|Any CPU.Build.0 = Debug|Any CPU
		{E6021081-A6AB-4B4D-B3AE-49681510D09E}.Release|Any CPU.ActiveCfg = Release|Any CPU
		{E6021081-A6AB-4B4D-B3AE-49681510D09E}.Release|Any CPU.Build.0 = Release|Any CPU
	EndGlobalSection
	GlobalSection(SolutionProperties) = preSolution
		HideSolutionNode = FALSE
	EndGlobalSection
	GlobalSection(ExtensibilityGlobals) = postSolution
		SolutionGuid = {32FCBD42-873C-4F33-8004-3D41D2E625C6}
	EndGlobalSection
EndGlobal
